// !$*UTF8*$!
{
	archiveVersion = 1;
	classes = {
	};
	objectVersion = 56;
	objects = {

/* Begin PBXBuildFile section */
		134E36B529A876CB0025F99C /* LandmarksApp.swift in Sources */ = {isa = PBXBuildFile; fileRef = 134E36B429A876CB0025F99C /* LandmarksApp.swift */; };
		134E36B729A876CB0025F99C /* ContentView.swift in Sources */ = {isa = PBXBuildFile; fileRef = 134E36B629A876CB0025F99C /* ContentView.swift */; };
		134E36B929A876CE0025F99C /* Assets.xcassets in Resources */ = {isa = PBXBuildFile; fileRef = 134E36B829A876CE0025F99C /* Assets.xcassets */; };
		134E36BC29A876CE0025F99C /* Preview Assets.xcassets in Resources */ = {isa = PBXBuildFile; fileRef = 134E36BB29A876CE0025F99C /* Preview Assets.xcassets */; };
		134E36C629A876CE0025F99C /* LandmarksTests.swift in Sources */ = {isa = PBXBuildFile; fileRef = 134E36C529A876CE0025F99C /* LandmarksTests.swift */; };
		134E36D029A876CE0025F99C /* LandmarksUITests.swift in Sources */ = {isa = PBXBuildFile; fileRef = 134E36CF29A876CE0025F99C /* LandmarksUITests.swift */; };
		134E36D229A876CE0025F99C /* LandmarksUITestsLaunchTests.swift in Sources */ = {isa = PBXBuildFile; fileRef = 134E36D129A876CE0025F99C /* LandmarksUITestsLaunchTests.swift */; };
		134E36DF29A883C80025F99C /* CircleImage.swift in Sources */ = {isa = PBXBuildFile; fileRef = 134E36DE29A883C80025F99C /* CircleImage.swift */; };
		134E36E129A884AC0025F99C /* MapView.swift in Sources */ = {isa = PBXBuildFile; fileRef = 134E36E029A884AC0025F99C /* MapView.swift */; };
		134E36E329A9E4EA0025F99C /* landmarkData.json in Resources */ = {isa = PBXBuildFile; fileRef = 134E36E229A9E4EA0025F99C /* landmarkData.json */; };
		134E36E429A9E4EA0025F99C /* landmarkData.json in Resources */ = {isa = PBXBuildFile; fileRef = 134E36E229A9E4EA0025F99C /* landmarkData.json */; };
		134E36E629A9E5390025F99C /* Landmark.swift in Sources */ = {isa = PBXBuildFile; fileRef = 134E36E529A9E5390025F99C /* Landmark.swift */; };
		134E36E929AC4CD50025F99C /* ModelData.swift in Sources */ = {isa = PBXBuildFile; fileRef = 134E36E829AC4CD50025F99C /* ModelData.swift */; };
		134E36EA29AC4CD50025F99C /* ModelData.swift in Sources */ = {isa = PBXBuildFile; fileRef = 134E36E829AC4CD50025F99C /* ModelData.swift */; };
		134E36ED29AC4F7D0025F99C /* Landmark.swift in Sources */ = {isa = PBXBuildFile; fileRef = 134E36E529A9E5390025F99C /* Landmark.swift */; };
		134E36F029AD83E70025F99C /* LandmarkRow.swift in Sources */ = {isa = PBXBuildFile; fileRef = 134E36EF29AD83E70025F99C /* LandmarkRow.swift */; };
		134E36F129AD83E70025F99C /* LandmarkRow.swift in Sources */ = {isa = PBXBuildFile; fileRef = 134E36EF29AD83E70025F99C /* LandmarkRow.swift */; };
		134E36F329AD951C0025F99C /* LandmarkList.swift in Sources */ = {isa = PBXBuildFile; fileRef = 134E36F229AD951C0025F99C /* LandmarkList.swift */; };
		134E36F429AD951C0025F99C /* LandmarkList.swift in Sources */ = {isa = PBXBuildFile; fileRef = 134E36F229AD951C0025F99C /* LandmarkList.swift */; };
		134E36F629ADE4840025F99C /* LandmarkDetail.swift in Sources */ = {isa = PBXBuildFile; fileRef = 134E36F529ADE4840025F99C /* LandmarkDetail.swift */; };
		134E36F729ADE4840025F99C /* LandmarkDetail.swift in Sources */ = {isa = PBXBuildFile; fileRef = 134E36F529ADE4840025F99C /* LandmarkDetail.swift */; };
/* End PBXBuildFile section */

/* Begin PBXContainerItemProxy section */
		134E36C229A876CE0025F99C /* PBXContainerItemProxy */ = {
			isa = PBXContainerItemProxy;
			containerPortal = 134E36A929A876CB0025F99C /* Project object */;
			proxyType = 1;
			remoteGlobalIDString = 134E36B029A876CB0025F99C;
			remoteInfo = Landmarks;
		};
		134E36CC29A876CE0025F99C /* PBXContainerItemProxy */ = {
			isa = PBXContainerItemProxy;
			containerPortal = 134E36A929A876CB0025F99C /* Project object */;
			proxyType = 1;
			remoteGlobalIDString = 134E36B029A876CB0025F99C;
			remoteInfo = Landmarks;
		};
/* End PBXContainerItemProxy section */

/* Begin PBXFileReference section */
		134E36B129A876CB0025F99C /* Landmarks.app */ = {isa = PBXFileReference; explicitFileType = wrapper.application; includeInIndex = 0; path = Landmarks.app; sourceTree = BUILT_PRODUCTS_DIR; };
		134E36B429A876CB0025F99C /* LandmarksApp.swift */ = {isa = PBXFileReference; lastKnownFileType = sourcecode.swift; path = LandmarksApp.swift; sourceTree = "<group>"; };
		134E36B629A876CB0025F99C /* ContentView.swift */ = {isa = PBXFileReference; lastKnownFileType = sourcecode.swift; path = ContentView.swift; sourceTree = "<group>"; };
		134E36B829A876CE0025F99C /* Assets.xcassets */ = {isa = PBXFileReference; lastKnownFileType = folder.assetcatalog; path = Assets.xcassets; sourceTree = "<group>"; };
		134E36BB29A876CE0025F99C /* Preview Assets.xcassets */ = {isa = PBXFileReference; lastKnownFileType = folder.assetcatalog; path = "Preview Assets.xcassets"; sourceTree = "<group>"; };
		134E36C129A876CE0025F99C /* LandmarksTests.xctest */ = {isa = PBXFileReference; explicitFileType = wrapper.cfbundle; includeInIndex = 0; path = LandmarksTests.xctest; sourceTree = BUILT_PRODUCTS_DIR; };
		134E36C529A876CE0025F99C /* LandmarksTests.swift */ = {isa = PBXFileReference; lastKnownFileType = sourcecode.swift; path = LandmarksTests.swift; sourceTree = "<group>"; };
		134E36CB29A876CE0025F99C /* LandmarksUITests.xctest */ = {isa = PBXFileReference; explicitFileType = wrapper.cfbundle; includeInIndex = 0; path = LandmarksUITests.xctest; sourceTree = BUILT_PRODUCTS_DIR; };
		134E36CF29A876CE0025F99C /* LandmarksUITests.swift */ = {isa = PBXFileReference; lastKnownFileType = sourcecode.swift; path = LandmarksUITests.swift; sourceTree = "<group>"; };
		134E36D129A876CE0025F99C /* LandmarksUITestsLaunchTests.swift */ = {isa = PBXFileReference; lastKnownFileType = sourcecode.swift; path = LandmarksUITestsLaunchTests.swift; sourceTree = "<group>"; };
		134E36DE29A883C80025F99C /* CircleImage.swift */ = {isa = PBXFileReference; lastKnownFileType = sourcecode.swift; path = CircleImage.swift; sourceTree = "<group>"; };
		134E36E029A884AC0025F99C /* MapView.swift */ = {isa = PBXFileReference; lastKnownFileType = sourcecode.swift; path = MapView.swift; sourceTree = "<group>"; };
		134E36E229A9E4EA0025F99C /* landmarkData.json */ = {isa = PBXFileReference; fileEncoding = 4; lastKnownFileType = text.json; path = landmarkData.json; sourceTree = "<group>"; };
		134E36E529A9E5390025F99C /* Landmark.swift */ = {isa = PBXFileReference; lastKnownFileType = sourcecode.swift; path = Landmark.swift; sourceTree = "<group>"; };
		134E36E829AC4CD50025F99C /* ModelData.swift */ = {isa = PBXFileReference; lastKnownFileType = sourcecode.swift; path = ModelData.swift; sourceTree = "<group>"; };
		134E36EF29AD83E70025F99C /* LandmarkRow.swift */ = {isa = PBXFileReference; lastKnownFileType = sourcecode.swift; path = LandmarkRow.swift; sourceTree = "<group>"; };
		134E36F229AD951C0025F99C /* LandmarkList.swift */ = {isa = PBXFileReference; lastKnownFileType = sourcecode.swift; path = LandmarkList.swift; sourceTree = "<group>"; };
		134E36F529ADE4840025F99C /* LandmarkDetail.swift */ = {isa = PBXFileReference; lastKnownFileType = sourcecode.swift; path = LandmarkDetail.swift; sourceTree = "<group>"; };
/* End PBXFileReference section */

/* Begin PBXFrameworksBuildPhase section */
		134E36AE29A876CB0025F99C /* Frameworks */ = {
			isa = PBXFrameworksBuildPhase;
			buildActionMask = 2147483647;
			files = (
			);
			runOnlyForDeploymentPostprocessing = 0;
		};
		134E36BE29A876CE0025F99C /* Frameworks */ = {
			isa = PBXFrameworksBuildPhase;
			buildActionMask = 2147483647;
			files = (
			);
			runOnlyForDeploymentPostprocessing = 0;
		};
		134E36C829A876CE0025F99C /* Frameworks */ = {
			isa = PBXFrameworksBuildPhase;
			buildActionMask = 2147483647;
			files = (
			);
			runOnlyForDeploymentPostprocessing = 0;
		};
/* End PBXFrameworksBuildPhase section */

/* Begin PBXGroup section */
		134E36A829A876CB0025F99C = {
			isa = PBXGroup;
			children = (
				134E36B329A876CB0025F99C /* Landmarks */,
				134E36C429A876CE0025F99C /* LandmarksTests */,
				134E36CE29A876CE0025F99C /* LandmarksUITests */,
				134E36B229A876CB0025F99C /* Products */,
			);
			sourceTree = "<group>";
		};
		134E36B229A876CB0025F99C /* Products */ = {
			isa = PBXGroup;
			children = (
				134E36B129A876CB0025F99C /* Landmarks.app */,
				134E36C129A876CE0025F99C /* LandmarksTests.xctest */,
				134E36CB29A876CE0025F99C /* LandmarksUITests.xctest */,
			);
			name = Products;
			sourceTree = "<group>";
		};
		134E36B329A876CB0025F99C /* Landmarks */ = {
			isa = PBXGroup;
			children = (
				134E36B429A876CB0025F99C /* LandmarksApp.swift */,
				134E36EE29AC4FC80025F99C /* Resources */,
				134E36EB29AC4F270025F99C /* Views */,
				134E36EC29AC4F630025F99C /* Model */,
				134E36BA29A876CE0025F99C /* Preview Content */,
			);
			path = Landmarks;
			sourceTree = "<group>";
		};
		134E36BA29A876CE0025F99C /* Preview Content */ = {
			isa = PBXGroup;
			children = (
				134E36BB29A876CE0025F99C /* Preview Assets.xcassets */,
				134E36B829A876CE0025F99C /* Assets.xcassets */,
			);
			path = "Preview Content";
			sourceTree = "<group>";
		};
		134E36C429A876CE0025F99C /* LandmarksTests */ = {
			isa = PBXGroup;
			children = (
				134E36C529A876CE0025F99C /* LandmarksTests.swift */,
			);
			path = LandmarksTests;
			sourceTree = "<group>";
		};
		134E36CE29A876CE0025F99C /* LandmarksUITests */ = {
			isa = PBXGroup;
			children = (
				134E36CF29A876CE0025F99C /* LandmarksUITests.swift */,
				134E36D129A876CE0025F99C /* LandmarksUITestsLaunchTests.swift */,
			);
			path = LandmarksUITests;
			sourceTree = "<group>";
		};
		134E36EB29AC4F270025F99C /* Views */ = {
			isa = PBXGroup;
			children = (
				134E36B629A876CB0025F99C /* ContentView.swift */,
				134E36DE29A883C80025F99C /* CircleImage.swift */,
				134E36E029A884AC0025F99C /* MapView.swift */,
				134E36EF29AD83E70025F99C /* LandmarkRow.swift */,
				134E36F229AD951C0025F99C /* LandmarkList.swift */,
				134E36F529ADE4840025F99C /* LandmarkDetail.swift */,
			);
			path = Views;
			sourceTree = "<group>";
		};
		134E36EC29AC4F630025F99C /* Model */ = {
			isa = PBXGroup;
			children = (
				134E36E829AC4CD50025F99C /* ModelData.swift */,
				134E36E529A9E5390025F99C /* Landmark.swift */,
			);
			path = Model;
			sourceTree = "<group>";
		};
		134E36EE29AC4FC80025F99C /* Resources */ = {
			isa = PBXGroup;
			children = (
				134E36E229A9E4EA0025F99C /* landmarkData.json */,
			);
			path = Resources;
			sourceTree = "<group>";
		};
/* End PBXGroup section */

/* Begin PBXNativeTarget section */
		134E36B029A876CB0025F99C /* Landmarks */ = {
			isa = PBXNativeTarget;
			buildConfigurationList = 134E36D529A876CE0025F99C /* Build configuration list for PBXNativeTarget "Landmarks" */;
			buildPhases = (
				134E36AD29A876CB0025F99C /* Sources */,
				134E36AE29A876CB0025F99C /* Frameworks */,
				134E36AF29A876CB0025F99C /* Resources */,
			);
			buildRules = (
			);
			dependencies = (
			);
			name = Landmarks;
			productName = Landmarks;
			productReference = 134E36B129A876CB0025F99C /* Landmarks.app */;
			productType = "com.apple.product-type.application";
		};
		134E36C029A876CE0025F99C /* LandmarksTests */ = {
			isa = PBXNativeTarget;
			buildConfigurationList = 134E36D829A876CE0025F99C /* Build configuration list for PBXNativeTarget "LandmarksTests" */;
			buildPhases = (
				134E36BD29A876CE0025F99C /* Sources */,
				134E36BE29A876CE0025F99C /* Frameworks */,
				134E36BF29A876CE0025F99C /* Resources */,
			);
			buildRules = (
			);
			dependencies = (
				134E36C329A876CE0025F99C /* PBXTargetDependency */,
			);
			name = LandmarksTests;
			productName = LandmarksTests;
			productReference = 134E36C129A876CE0025F99C /* LandmarksTests.xctest */;
			productType = "com.apple.product-type.bundle.unit-test";
		};
		134E36CA29A876CE0025F99C /* LandmarksUITests */ = {
			isa = PBXNativeTarget;
			buildConfigurationList = 134E36DB29A876CE0025F99C /* Build configuration list for PBXNativeTarget "LandmarksUITests" */;
			buildPhases = (
				134E36C729A876CE0025F99C /* Sources */,
				134E36C829A876CE0025F99C /* Frameworks */,
				134E36C929A876CE0025F99C /* Resources */,
			);
			buildRules = (
			);
			dependencies = (
				134E36CD29A876CE0025F99C /* PBXTargetDependency */,
			);
			name = LandmarksUITests;
			productName = LandmarksUITests;
			productReference = 134E36CB29A876CE0025F99C /* LandmarksUITests.xctest */;
			productType = "com.apple.product-type.bundle.ui-testing";
		};
/* End PBXNativeTarget section */

/* Begin PBXProject section */
		134E36A929A876CB0025F99C /* Project object */ = {
			isa = PBXProject;
			attributes = {
				BuildIndependentTargetsInParallel = 1;
				LastSwiftUpdateCheck = 1420;
				LastUpgradeCheck = 1420;
				TargetAttributes = {
					134E36B029A876CB0025F99C = {
						CreatedOnToolsVersion = 14.2;
					};
					134E36C029A876CE0025F99C = {
						CreatedOnToolsVersion = 14.2;
						TestTargetID = 134E36B029A876CB0025F99C;
					};
					134E36CA29A876CE0025F99C = {
						CreatedOnToolsVersion = 14.2;
						TestTargetID = 134E36B029A876CB0025F99C;
					};
				};
			};
			buildConfigurationList = 134E36AC29A876CB0025F99C /* Build configuration list for PBXProject "Landmarks" */;
			compatibilityVersion = "Xcode 14.0";
			developmentRegion = en;
			hasScannedForEncodings = 0;
			knownRegions = (
				en,
				Base,
			);
			mainGroup = 134E36A829A876CB0025F99C;
			productRefGroup = 134E36B229A876CB0025F99C /* Products */;
			projectDirPath = "";
			projectRoot = "";
			targets = (
				134E36B029A876CB0025F99C /* Landmarks */,
				134E36C029A876CE0025F99C /* LandmarksTests */,
				134E36CA29A876CE0025F99C /* LandmarksUITests */,
			);
		};
/* End PBXProject section */

/* Begin PBXResourcesBuildPhase section */
		134E36AF29A876CB0025F99C /* Resources */ = {
			isa = PBXResourcesBuildPhase;
			buildActionMask = 2147483647;
			files = (
				134E36BC29A876CE0025F99C /* Preview Assets.xcassets in Resources */,
				134E36B929A876CE0025F99C /* Assets.xcassets in Resources */,
				134E36E329A9E4EA0025F99C /* landmarkData.json in Resources */,
			);
			runOnlyForDeploymentPostprocessing = 0;
		};
		134E36BF29A876CE0025F99C /* Resources */ = {
			isa = PBXResourcesBuildPhase;
			buildActionMask = 2147483647;
			files = (
			);
			runOnlyForDeploymentPostprocessing = 0;
		};
		134E36C929A876CE0025F99C /* Resources */ = {
			isa = PBXResourcesBuildPhase;
			buildActionMask = 2147483647;
			files = (
				134E36E429A9E4EA0025F99C /* landmarkData.json in Resources */,
			);
			runOnlyForDeploymentPostprocessing = 0;
		};
/* End PBXResourcesBuildPhase section */

/* Begin PBXSourcesBuildPhase section */
		134E36AD29A876CB0025F99C /* Sources */ = {
			isa = PBXSourcesBuildPhase;
			buildActionMask = 2147483647;
			files = (
				134E36B729A876CB0025F99C /* ContentView.swift in Sources */,
				134E36E129A884AC0025F99C /* MapView.swift in Sources */,
				134E36B529A876CB0025F99C /* LandmarksApp.swift in Sources */,
				134E36F329AD951C0025F99C /* LandmarkList.swift in Sources */,
				134E36F629ADE4840025F99C /* LandmarkDetail.swift in Sources */,
				134E36DF29A883C80025F99C /* CircleImage.swift in Sources */,
				134E36E629A9E5390025F99C /* Landmark.swift in Sources */,
				134E36F029AD83E70025F99C /* LandmarkRow.swift in Sources */,
				134E36E929AC4CD50025F99C /* ModelData.swift in Sources */,
			);
			runOnlyForDeploymentPostprocessing = 0;
		};
		134E36BD29A876CE0025F99C /* Sources */ = {
			isa = PBXSourcesBuildPhase;
			buildActionMask = 2147483647;
			files = (
				134E36C629A876CE0025F99C /* LandmarksTests.swift in Sources */,
			);
			runOnlyForDeploymentPostprocessing = 0;
		};
		134E36C729A876CE0025F99C /* Sources */ = {
			isa = PBXSourcesBuildPhase;
			buildActionMask = 2147483647;
			files = (
				134E36D229A876CE0025F99C /* LandmarksUITestsLaunchTests.swift in Sources */,
				134E36F429AD951C0025F99C /* LandmarkList.swift in Sources */,
				134E36D029A876CE0025F99C /* LandmarksUITests.swift in Sources */,
				134E36EA29AC4CD50025F99C /* ModelData.swift in Sources */,
				134E36F129AD83E70025F99C /* LandmarkRow.swift in Sources */,
				134E36ED29AC4F7D0025F99C /* Landmark.swift in Sources */,
				134E36F729ADE4840025F99C /* LandmarkDetail.swift in Sources */,
			);
			runOnlyForDeploymentPostprocessing = 0;
		};
/* End PBXSourcesBuildPhase section */

/* Begin PBXTargetDependency section */
		134E36C329A876CE0025F99C /* PBXTargetDependency */ = {
			isa = PBXTargetDependency;
			target = 134E36B029A876CB0025F99C /* Landmarks */;
			targetProxy = 134E36C229A876CE0025F99C /* PBXContainerItemProxy */;
		};
		134E36CD29A876CE0025F99C /* PBXTargetDependency */ = {
			isa = PBXTargetDependency;
			target = 134E36B029A876CB0025F99C /* Landmarks */;
			targetProxy = 134E36CC29A876CE0025F99C /* PBXContainerItemProxy */;
		};
/* End PBXTargetDependency section */

/* Begin XCBuildConfiguration section */
		134E36D329A876CE0025F99C /* Debug */ = {
			isa = XCBuildConfiguration;
			buildSettings = {
				ALWAYS_SEARCH_USER_PATHS = NO;
				CLANG_ANALYZER_NONNULL = YES;
				CLANG_ANALYZER_NUMBER_OBJECT_CONVERSION = YES_AGGRESSIVE;
				CLANG_CXX_LANGUAGE_STANDARD = "gnu++20";
				CLANG_ENABLE_MODULES = YES;
				CLANG_ENABLE_OBJC_ARC = YES;
				CLANG_ENABLE_OBJC_WEAK = YES;
				CLANG_WARN_BLOCK_CAPTURE_AUTORELEASING = YES;
				CLANG_WARN_BOOL_CONVERSION = YES;
				CLANG_WARN_COMMA = YES;
				CLANG_WARN_CONSTANT_CONVERSION = YES;
				CLANG_WARN_DEPRECATED_OBJC_IMPLEMENTATIONS = YES;
				CLANG_WARN_DIRECT_OBJC_ISA_USAGE = YES_ERROR;
				CLANG_WARN_DOCUMENTATION_COMMENTS = YES;
				CLANG_WARN_EMPTY_BODY = YES;
				CLANG_WARN_ENUM_CONVERSION = YES;
				CLANG_WARN_INFINITE_RECURSION = YES;
				CLANG_WARN_INT_CONVERSION = YES;
				CLANG_WARN_NON_LITERAL_NULL_CONVERSION = YES;
				CLANG_WARN_OBJC_IMPLICIT_RETAIN_SELF = YES;
				CLANG_WARN_OBJC_LITERAL_CONVERSION = YES;
				CLANG_WARN_OBJC_ROOT_CLASS = YES_ERROR;
				CLANG_WARN_QUOTED_INCLUDE_IN_FRAMEWORK_HEADER = YES;
				CLANG_WARN_RANGE_LOOP_ANALYSIS = YES;
				CLANG_WARN_STRICT_PROTOTYPES = YES;
				CLANG_WARN_SUSPICIOUS_MOVE = YES;
				CLANG_WARN_UNGUARDED_AVAILABILITY = YES_AGGRESSIVE;
				CLANG_WARN_UNREACHABLE_CODE = YES;
				CLANG_WARN__DUPLICATE_METHOD_MATCH = YES;
				COPY_PHASE_STRIP = NO;
				DEBUG_INFORMATION_FORMAT = dwarf;
				ENABLE_STRICT_OBJC_MSGSEND = YES;
				ENABLE_TESTABILITY = YES;
				GCC_C_LANGUAGE_STANDARD = gnu11;
				GCC_DYNAMIC_NO_PIC = NO;
				GCC_NO_COMMON_BLOCKS = YES;
				GCC_OPTIMIZATION_LEVEL = 0;
				GCC_PREPROCESSOR_DEFINITIONS = (
					"DEBUG=1",
					"$(inherited)",
				);
				GCC_WARN_64_TO_32_BIT_CONVERSION = YES;
				GCC_WARN_ABOUT_RETURN_TYPE = YES_ERROR;
				GCC_WARN_UNDECLARED_SELECTOR = YES;
				GCC_WARN_UNINITIALIZED_AUTOS = YES_AGGRESSIVE;
				GCC_WARN_UNUSED_FUNCTION = YES;
				GCC_WARN_UNUSED_VARIABLE = YES;
				IPHONEOS_DEPLOYMENT_TARGET = 16.2;
				MTL_ENABLE_DEBUG_INFO = INCLUDE_SOURCE;
				MTL_FAST_MATH = YES;
				ONLY_ACTIVE_ARCH = YES;
				SDKROOT = iphoneos;
				SWIFT_ACTIVE_COMPILATION_CONDITIONS = DEBUG;
				SWIFT_OPTIMIZATION_LEVEL = "-Onone";
			};
			name = Debug;
		};
		134E36D429A876CE0025F99C /* Release */ = {
			isa = XCBuildConfiguration;
			buildSettings = {
				ALWAYS_SEARCH_USER_PATHS = NO;
				CLANG_ANALYZER_NONNULL = YES;
				CLANG_ANALYZER_NUMBER_OBJECT_CONVERSION = YES_AGGRESSIVE;
				CLANG_CXX_LANGUAGE_STANDARD = "gnu++20";
				CLANG_ENABLE_MODULES = YES;
				CLANG_ENABLE_OBJC_ARC = YES;
				CLANG_ENABLE_OBJC_WEAK = YES;
				CLANG_WARN_BLOCK_CAPTURE_AUTORELEASING = YES;
				CLANG_WARN_BOOL_CONVERSION = YES;
				CLANG_WARN_COMMA = YES;
				CLANG_WARN_CONSTANT_CONVERSION = YES;
				CLANG_WARN_DEPRECATED_OBJC_IMPLEMENTATIONS = YES;
				CLANG_WARN_DIRECT_OBJC_ISA_USAGE = YES_ERROR;
				CLANG_WARN_DOCUMENTATION_COMMENTS = YES;
				CLANG_WARN_EMPTY_BODY = YES;
				CLANG_WARN_ENUM_CONVERSION = YES;
				CLANG_WARN_INFINITE_RECURSION = YES;
				CLANG_WARN_INT_CONVERSION = YES;
				CLANG_WARN_NON_LITERAL_NULL_CONVERSION = YES;
				CLANG_WARN_OBJC_IMPLICIT_RETAIN_SELF = YES;
				CLANG_WARN_OBJC_LITERAL_CONVERSION = YES;
				CLANG_WARN_OBJC_ROOT_CLASS = YES_ERROR;
				CLANG_WARN_QUOTED_INCLUDE_IN_FRAMEWORK_HEADER = YES;
				CLANG_WARN_RANGE_LOOP_ANALYSIS = YES;
				CLANG_WARN_STRICT_PROTOTYPES = YES;
				CLANG_WARN_SUSPICIOUS_MOVE = YES;
				CLANG_WARN_UNGUARDED_AVAILABILITY = YES_AGGRESSIVE;
				CLANG_WARN_UNREACHABLE_CODE = YES;
				CLANG_WARN__DUPLICATE_METHOD_MATCH = YES;
				COPY_PHASE_STRIP = NO;
				DEBUG_INFORMATION_FORMAT = "dwarf-with-dsym";
				ENABLE_NS_ASSERTIONS = NO;
				ENABLE_STRICT_OBJC_MSGSEND = YES;
				GCC_C_LANGUAGE_STANDARD = gnu11;
				GCC_NO_COMMON_BLOCKS = YES;
				GCC_WARN_64_TO_32_BIT_CONVERSION = YES;
				GCC_WARN_ABOUT_RETURN_TYPE = YES_ERROR;
				GCC_WARN_UNDECLARED_SELECTOR = YES;
				GCC_WARN_UNINITIALIZED_AUTOS = YES_AGGRESSIVE;
				GCC_WARN_UNUSED_FUNCTION = YES;
				GCC_WARN_UNUSED_VARIABLE = YES;
				IPHONEOS_DEPLOYMENT_TARGET = 16.2;
				MTL_ENABLE_DEBUG_INFO = NO;
				MTL_FAST_MATH = YES;
				SDKROOT = iphoneos;
				SWIFT_COMPILATION_MODE = wholemodule;
				SWIFT_OPTIMIZATION_LEVEL = "-O";
				VALIDATE_PRODUCT = YES;
			};
			name = Release;
		};
		134E36D629A876CE0025F99C /* Debug */ = {
			isa = XCBuildConfiguration;
			buildSettings = {
				ASSETCATALOG_COMPILER_APPICON_NAME = AppIcon;
				ASSETCATALOG_COMPILER_GLOBAL_ACCENT_COLOR_NAME = AccentColor;
				CODE_SIGN_STYLE = Automatic;
				CURRENT_PROJECT_VERSION = 1;
				DEVELOPMENT_ASSET_PATHS = "\"Landmarks/Preview Content\"";
				DEVELOPMENT_TEAM = T94Y3NV5X8;
				ENABLE_PREVIEWS = YES;
				GENERATE_INFOPLIST_FILE = YES;
				INFOPLIST_KEY_UIApplicationSceneManifest_Generation = YES;
				INFOPLIST_KEY_UIApplicationSupportsIndirectInputEvents = YES;
				INFOPLIST_KEY_UILaunchScreen_Generation = YES;
				INFOPLIST_KEY_UISupportedInterfaceOrientations_iPad = "UIInterfaceOrientationPortrait UIInterfaceOrientationPortraitUpsideDown UIInterfaceOrientationLandscapeLeft UIInterfaceOrientationLandscapeRight";
				INFOPLIST_KEY_UISupportedInterfaceOrientations_iPhone = "UIInterfaceOrientationPortrait UIInterfaceOrientationLandscapeLeft UIInterfaceOrientationLandscapeRight";
				LD_RUNPATH_SEARCH_PATHS = (
					"$(inherited)",
					"@executable_path/Frameworks",
				);
				MARKETING_VERSION = 1.0;
				PRODUCT_BUNDLE_IDENTIFIER = AceEzra.Landmarks;
				PRODUCT_NAME = "$(TARGET_NAME)";
				SWIFT_EMIT_LOC_STRINGS = YES;
				SWIFT_VERSION = 5.0;
				TARGETED_DEVICE_FAMILY = "1,2";
			};
			name = Debug;
		};
		134E36D729A876CE0025F99C /* Release */ = {
			isa = XCBuildConfiguration;
			buildSettings = {
				ASSETCATALOG_COMPILER_APPICON_NAME = AppIcon;
				ASSETCATALOG_COMPILER_GLOBAL_ACCENT_COLOR_NAME = AccentColor;
				CODE_SIGN_STYLE = Automatic;
				CURRENT_PROJECT_VERSION = 1;
				DEVELOPMENT_ASSET_PATHS = "\"Landmarks/Preview Content\"";
				DEVELOPMENT_TEAM = T94Y3NV5X8;
				ENABLE_PREVIEWS = YES;
				GENERATE_INFOPLIST_FILE = YES;
				INFOPLIST_KEY_UIApplicationSceneManifest_Generation = YES;
				INFOPLIST_KEY_UIApplicationSupportsIndirectInputEvents = YES;
				INFOPLIST_KEY_UILaunchScreen_Generation = YES;
				INFOPLIST_KEY_UISupportedInterfaceOrientations_iPad = "UIInterfaceOrientationPortrait UIInterfaceOrientationPortraitUpsideDown UIInterfaceOrientationLandscapeLeft UIInterfaceOrientationLandscapeRight";
				INFOPLIST_KEY_UISupportedInterfaceOrientations_iPhone = "UIInterfaceOrientationPortrait UIInterfaceOrientationLandscapeLeft UIInterfaceOrientationLandscapeRight";
				LD_RUNPATH_SEARCH_PATHS = (
					"$(inherited)",
					"@executable_path/Frameworks",
				);
				MARKETING_VERSION = 1.0;
				PRODUCT_BUNDLE_IDENTIFIER = AceEzra.Landmarks;
				PRODUCT_NAME = "$(TARGET_NAME)";
				SWIFT_EMIT_LOC_STRINGS = YES;
				SWIFT_VERSION = 5.0;
				TARGETED_DEVICE_FAMILY = "1,2";
			};
			name = Release;
		};
		134E36D929A876CE0025F99C /* Debug */ = {
			isa = XCBuildConfiguration;
			buildSettings = {
				ALWAYS_EMBED_SWIFT_STANDARD_LIBRARIES = YES;
				BUNDLE_LOADER = "$(TEST_HOST)";
				CODE_SIGN_STYLE = Automatic;
				CURRENT_PROJECT_VERSION = 1;
				DEVELOPMENT_TEAM = T94Y3NV5X8;
				GENERATE_INFOPLIST_FILE = YES;
				IPHONEOS_DEPLOYMENT_TARGET = 16.2;
				MARKETING_VERSION = 1.0;
				PRODUCT_BUNDLE_IDENTIFIER = AceEzra.LandmarksTests;
				PRODUCT_NAME = "$(TARGET_NAME)";
				SWIFT_EMIT_LOC_STRINGS = NO;
				SWIFT_VERSION = 5.0;
				TARGETED_DEVICE_FAMILY = "1,2";
				TEST_HOST = "$(BUILT_PRODUCTS_DIR)/Landmarks.app/$(BUNDLE_EXECUTABLE_FOLDER_PATH)/Landmarks";
			};
			name = Debug;
		};
		134E36DA29A876CE0025F99C /* Release */ = {
			isa = XCBuildConfiguration;
			buildSettings = {
				ALWAYS_EMBED_SWIFT_STANDARD_LIBRARIES = YES;
				BUNDLE_LOADER = "$(TEST_HOST)";
				CODE_SIGN_STYLE = Automatic;
				CURRENT_PROJECT_VERSION = 1;
				DEVELOPMENT_TEAM = T94Y3NV5X8;
				GENERATE_INFOPLIST_FILE = YES;
				IPHONEOS_DEPLOYMENT_TARGET = 16.2;
				MARKETING_VERSION = 1.0;
				PRODUCT_BUNDLE_IDENTIFIER = AceEzra.LandmarksTests;
				PRODUCT_NAME = "$(TARGET_NAME)";
				SWIFT_EMIT_LOC_STRINGS = NO;
				SWIFT_VERSION = 5.0;
				TARGETED_DEVICE_FAMILY = "1,2";
				TEST_HOST = "$(BUILT_PRODUCTS_DIR)/Landmarks.app/$(BUNDLE_EXECUTABLE_FOLDER_PATH)/Landmarks";
			};
			name = Release;
		};
		134E36DC29A876CE0025F99C /* Debug */ = {
			isa = XCBuildConfiguration;
			buildSettings = {
				ALWAYS_EMBED_SWIFT_STANDARD_LIBRARIES = YES;
				CODE_SIGN_STYLE = Automatic;
				CURRENT_PROJECT_VERSION = 1;
				DEVELOPMENT_TEAM = T94Y3NV5X8;
				GENERATE_INFOPLIST_FILE = YES;
				MARKETING_VERSION = 1.0;
				PRODUCT_BUNDLE_IDENTIFIER = AceEzra.LandmarksUITests;
				PRODUCT_NAME = "$(TARGET_NAME)";
				SWIFT_EMIT_LOC_STRINGS = NO;
				SWIFT_VERSION = 5.0;
				TARGETED_DEVICE_FAMILY = "1,2";
				TEST_TARGET_NAME = Landmarks;
			};
			name = Debug;
		};
		134E36DD29A876CE0025F99C /* Release */ = {
			isa = XCBuildConfiguration;
			buildSettings = {
				ALWAYS_EMBED_SWIFT_STANDARD_LIBRARIES = YES;
				CODE_SIGN_STYLE = Automatic;
				CURRENT_PROJECT_VERSION = 1;
				DEVELOPMENT_TEAM = T94Y3NV5X8;
				GENERATE_INFOPLIST_FILE = YES;
				MARKETING_VERSION = 1.0;
				PRODUCT_BUNDLE_IDENTIFIER = AceEzra.LandmarksUITests;
				PRODUCT_NAME = "$(TARGET_NAME)";
				SWIFT_EMIT_LOC_STRINGS = NO;
				SWIFT_VERSION = 5.0;
				TARGETED_DEVICE_FAMILY = "1,2";
				TEST_TARGET_NAME = Landmarks;
			};
			name = Release;
		};
/* End XCBuildConfiguration section */

/* Begin XCConfigurationList section */
		134E36AC29A876CB0025F99C /* Build configuration list for PBXProject "Landmarks" */ = {
			isa = XCConfigurationList;
			buildConfigurations = (
				134E36D329A876CE0025F99C /* Debug */,
				134E36D429A876CE0025F99C /* Release */,
			);
			defaultConfigurationIsVisible = 0;
			defaultConfigurationName = Release;
		};
		134E36D529A876CE0025F99C /* Build configuration list for PBXNativeTarget "Landmarks" */ = {
			isa = XCConfigurationList;
			buildConfigurations = (
				134E36D629A876CE0025F99C /* Debug */,
				134E36D729A876CE0025F99C /* Release */,
			);
			defaultConfigurationIsVisible = 0;
			defaultConfigurationName = Release;
		};
		134E36D829A876CE0025F99C /* Build configuration list for PBXNativeTarget "LandmarksTests" */ = {
			isa = XCConfigurationList;
			buildConfigurations = (
				134E36D929A876CE0025F99C /* Debug */,
				134E36DA29A876CE0025F99C /* Release */,
			);
			defaultConfigurationIsVisible = 0;
			defaultConfigurationName = Release;
		};
		134E36DB29A876CE0025F99C /* Build configuration list for PBXNativeTarget "LandmarksUITests" */ = {
			isa = XCConfigurationList;
			buildConfigurations = (
				134E36DC29A876CE0025F99C /* Debug */,
				134E36DD29A876CE0025F99C /* Release */,
			);
			defaultConfigurationIsVisible = 0;
			defaultConfigurationName = Release;
		};
/* End XCConfigurationList section */
	};
	rootObject = 134E36A929A876CB0025F99C /* Project object */;
}
